// !$*UTF8*$!
{
	archiveVersion = 1;
	classes = {
	};
	objectVersion = 50;
	objects = {

/* Begin PBXBuildFile section */
		EE024CD324AE1FAA0044460A /* AppDelegate.swift in Sources */ = {isa = PBXBuildFile; fileRef = EE024CD224AE1FAA0044460A /* AppDelegate.swift */; };
		EE024CD524AE1FAA0044460A /* SceneDelegate.swift in Sources */ = {isa = PBXBuildFile; fileRef = EE024CD424AE1FAA0044460A /* SceneDelegate.swift */; };
		EE024CD724AE1FAA0044460A /* ContentView.swift in Sources */ = {isa = PBXBuildFile; fileRef = EE024CD624AE1FAA0044460A /* ContentView.swift */; };
		EE024CD924AE1FAF0044460A /* Assets.xcassets in Resources */ = {isa = PBXBuildFile; fileRef = EE024CD824AE1FAF0044460A /* Assets.xcassets */; };
		EE024CDC24AE1FAF0044460A /* Preview Assets.xcassets in Resources */ = {isa = PBXBuildFile; fileRef = EE024CDB24AE1FAF0044460A /* Preview Assets.xcassets */; };
		EE024CDF24AE1FAF0044460A /* LaunchScreen.storyboard in Resources */ = {isa = PBXBuildFile; fileRef = EE024CDD24AE1FAF0044460A /* LaunchScreen.storyboard */; };
		EE024CEA24AE1FAF0044460A /* SwiftUILearningTests.swift in Sources */ = {isa = PBXBuildFile; fileRef = EE024CE924AE1FAF0044460A /* SwiftUILearningTests.swift */; };
		EE024D0924AE67520044460A /* TextFieldUI.swift in Sources */ = {isa = PBXBuildFile; fileRef = EE024D0824AE67520044460A /* TextFieldUI.swift */; };
/* End PBXBuildFile section */

/* Begin PBXContainerItemProxy section */
		EE024CE624AE1FAF0044460A /* PBXContainerItemProxy */ = {
			isa = PBXContainerItemProxy;
			containerPortal = EE024CC724AE1FAA0044460A /* Project object */;
			proxyType = 1;
			remoteGlobalIDString = EE024CCE24AE1FAA0044460A;
			remoteInfo = SwiftUILearning;
		};
/* End PBXContainerItemProxy section */

/* Begin PBXFileReference section */
		EE024CCF24AE1FAA0044460A /* SwiftUILearning.app */ = {isa = PBXFileReference; explicitFileType = wrapper.application; includeInIndex = 0; path = SwiftUILearning.app; sourceTree = BUILT_PRODUCTS_DIR; };
		EE024CD224AE1FAA0044460A /* AppDelegate.swift */ = {isa = PBXFileReference; lastKnownFileType = sourcecode.swift; path = AppDelegate.swift; sourceTree = "<group>"; };
		EE024CD424AE1FAA0044460A /* SceneDelegate.swift */ = {isa = PBXFileReference; lastKnownFileType = sourcecode.swift; path = SceneDelegate.swift; sourceTree = "<group>"; };
		EE024CD624AE1FAA0044460A /* ContentView.swift */ = {isa = PBXFileReference; lastKnownFileType = sourcecode.swift; path = ContentView.swift; sourceTree = "<group>"; };
		EE024CD824AE1FAF0044460A /* Assets.xcassets */ = {isa = PBXFileReference; lastKnownFileType = folder.assetcatalog; path = Assets.xcassets; sourceTree = "<group>"; };
		EE024CDB24AE1FAF0044460A /* Preview Assets.xcassets */ = {isa = PBXFileReference; lastKnownFileType = folder.assetcatalog; path = "Preview Assets.xcassets"; sourceTree = "<group>"; };
		EE024CDE24AE1FAF0044460A /* Base */ = {isa = PBXFileReference; lastKnownFileType = file.storyboard; name = Base; path = Base.lproj/LaunchScreen.storyboard; sourceTree = "<group>"; };
		EE024CE024AE1FAF0044460A /* Info.plist */ = {isa = PBXFileReference; lastKnownFileType = text.plist.xml; path = Info.plist; sourceTree = "<group>"; };
		EE024CE524AE1FAF0044460A /* SwiftUILearningTests.xctest */ = {isa = PBXFileReference; explicitFileType = wrapper.cfbundle; includeInIndex = 0; path = SwiftUILearningTests.xctest; sourceTree = BUILT_PRODUCTS_DIR; };
		EE024CE924AE1FAF0044460A /* SwiftUILearningTests.swift */ = {isa = PBXFileReference; lastKnownFileType = sourcecode.swift; path = SwiftUILearningTests.swift; sourceTree = "<group>"; };
		EE024CEB24AE1FAF0044460A /* Info.plist */ = {isa = PBXFileReference; lastKnownFileType = text.plist.xml; path = Info.plist; sourceTree = "<group>"; };
		EE024D0824AE67520044460A /* TextFieldUI.swift */ = {isa = PBXFileReference; lastKnownFileType = sourcecode.swift; path = TextFieldUI.swift; sourceTree = "<group>"; };
/* End PBXFileReference section */

/* Begin PBXFrameworksBuildPhase section */
		EE024CCC24AE1FAA0044460A /* Frameworks */ = {
			isa = PBXFrameworksBuildPhase;
			buildActionMask = 2147483647;
			files = (
			);
			runOnlyForDeploymentPostprocessing = 0;
		};
		EE024CE224AE1FAF0044460A /* Frameworks */ = {
			isa = PBXFrameworksBuildPhase;
			buildActionMask = 2147483647;
			files = (
			);
			runOnlyForDeploymentPostprocessing = 0;
		};
/* End PBXFrameworksBuildPhase section */

/* Begin PBXGroup section */
		EE024CC624AE1FAA0044460A = {
			isa = PBXGroup;
			children = (
				EE024CD124AE1FAA0044460A /* SwiftUILearning */,
				EE024CE824AE1FAF0044460A /* SwiftUILearningTests */,
				EE024CD024AE1FAA0044460A /* Products */,
			);
			sourceTree = "<group>";
		};
		EE024CD024AE1FAA0044460A /* Products */ = {
			isa = PBXGroup;
			children = (
				EE024CCF24AE1FAA0044460A /* SwiftUILearning.app */,
				EE024CE524AE1FAF0044460A /* SwiftUILearningTests.xctest */,
			);
			name = Products;
			sourceTree = "<group>";
		};
		EE024CD124AE1FAA0044460A /* SwiftUILearning */ = {
			isa = PBXGroup;
			children = (
				EE024CD224AE1FAA0044460A /* AppDelegate.swift */,
				EE024CD424AE1FAA0044460A /* SceneDelegate.swift */,
				EE024D0824AE67520044460A /* TextFieldUI.swift */,
				EE024CD624AE1FAA0044460A /* ContentView.swift */,
				EE024CD824AE1FAF0044460A /* Assets.xcassets */,
				EE024CDD24AE1FAF0044460A /* LaunchScreen.storyboard */,
				EE024CE024AE1FAF0044460A /* Info.plist */,
				EE024CDA24AE1FAF0044460A /* Preview Content */,
			);
			path = SwiftUILearning;
			sourceTree = "<group>";
		};
		EE024CDA24AE1FAF0044460A /* Preview Content */ = {
			isa = PBXGroup;
			children = (
				EE024CDB24AE1FAF0044460A /* Preview Assets.xcassets */,
			);
			path = "Preview Content";
			sourceTree = "<group>";
		};
		EE024CE824AE1FAF0044460A /* SwiftUILearningTests */ = {
			isa = PBXGroup;
			children = (
				EE024CE924AE1FAF0044460A /* SwiftUILearningTests.swift */,
				EE024CEB24AE1FAF0044460A /* Info.plist */,
			);
			path = SwiftUILearningTests;
			sourceTree = "<group>";
		};
/* End PBXGroup section */

/* Begin PBXNativeTarget section */
		EE024CCE24AE1FAA0044460A /* SwiftUILearning */ = {
			isa = PBXNativeTarget;
			buildConfigurationList = EE024CEE24AE1FAF0044460A /* Build configuration list for PBXNativeTarget "SwiftUILearning" */;
			buildPhases = (
				EE024CCB24AE1FAA0044460A /* Sources */,
				EE024CCC24AE1FAA0044460A /* Frameworks */,
				EE024CCD24AE1FAA0044460A /* Resources */,
			);
			buildRules = (
			);
			dependencies = (
			);
			name = SwiftUILearning;
			productName = SwiftUILearning;
			productReference = EE024CCF24AE1FAA0044460A /* SwiftUILearning.app */;
			productType = "com.apple.product-type.application";
		};
		EE024CE424AE1FAF0044460A /* SwiftUILearningTests */ = {
			isa = PBXNativeTarget;
			buildConfigurationList = EE024CF124AE1FAF0044460A /* Build configuration list for PBXNativeTarget "SwiftUILearningTests" */;
			buildPhases = (
				EE024CE124AE1FAF0044460A /* Sources */,
				EE024CE224AE1FAF0044460A /* Frameworks */,
				EE024CE324AE1FAF0044460A /* Resources */,
			);
			buildRules = (
			);
			dependencies = (
				EE024CE724AE1FAF0044460A /* PBXTargetDependency */,
			);
			name = SwiftUILearningTests;
			productName = SwiftUILearningTests;
			productReference = EE024CE524AE1FAF0044460A /* SwiftUILearningTests.xctest */;
			productType = "com.apple.product-type.bundle.unit-test";
		};
/* End PBXNativeTarget section */

/* Begin PBXProject section */
		EE024CC724AE1FAA0044460A /* Project object */ = {
			isa = PBXProject;
			attributes = {
				LastSwiftUpdateCheck = 1150;
				LastUpgradeCheck = 1150;
				ORGANIZATIONNAME = "Jain, Divya";
				TargetAttributes = {
					EE024CCE24AE1FAA0044460A = {
						CreatedOnToolsVersion = 11.5;
					};
					EE024CE424AE1FAF0044460A = {
						CreatedOnToolsVersion = 11.5;
						TestTargetID = EE024CCE24AE1FAA0044460A;
					};
				};
			};
			buildConfigurationList = EE024CCA24AE1FAA0044460A /* Build configuration list for PBXProject "SwiftUILearning" */;
			compatibilityVersion = "Xcode 9.3";
			developmentRegion = en;
			hasScannedForEncodings = 0;
			knownRegions = (
				en,
				Base,
			);
			mainGroup = EE024CC624AE1FAA0044460A;
			productRefGroup = EE024CD024AE1FAA0044460A /* Products */;
			projectDirPath = "";
			projectRoot = "";
			targets = (
				EE024CCE24AE1FAA0044460A /* SwiftUILearning */,
				EE024CE424AE1FAF0044460A /* SwiftUILearningTests */,
			);
		};
/* End PBXProject section */

/* Begin PBXResourcesBuildPhase section */
		EE024CCD24AE1FAA0044460A /* Resources */ = {
			isa = PBXResourcesBuildPhase;
			buildActionMask = 2147483647;
			files = (
				EE024CDF24AE1FAF0044460A /* LaunchScreen.storyboard in Resources */,
				EE024CDC24AE1FAF0044460A /* Preview Assets.xcassets in Resources */,
				EE024CD924AE1FAF0044460A /* Assets.xcassets in Resources */,
			);
			runOnlyForDeploymentPostprocessing = 0;
		};
		EE024CE324AE1FAF0044460A /* Resources */ = {
			isa = PBXResourcesBuildPhase;
			buildActionMask = 2147483647;
			files = (
			);
			runOnlyForDeploymentPostprocessing = 0;
		};
/* End PBXResourcesBuildPhase section */

/* Begin PBXSourcesBuildPhase section */
		EE024CCB24AE1FAA0044460A /* Sources */ = {
			isa = PBXSourcesBuildPhase;
			buildActionMask = 2147483647;
			files = (
				EE024CD324AE1FAA0044460A /* AppDelegate.swift in Sources */,
				EE024CD524AE1FAA0044460A /* SceneDelegate.swift in Sources */,
				EE024CD724AE1FAA0044460A /* ContentView.swift in Sources */,
				EE024D0924AE67520044460A /* TextFieldUI.swift in Sources */,
			);
			runOnlyForDeploymentPostprocessing = 0;
		};
		EE024CE124AE1FAF0044460A /* Sources */ = {
			isa = PBXSourcesBuildPhase;
			buildActionMask = 2147483647;
			files = (
				EE024CEA24AE1FAF0044460A /* SwiftUILearningTests.swift in Sources */,
			);
			runOnlyForDeploymentPostprocessing = 0;
		};
/* End PBXSourcesBuildPhase section */

/* Begin PBXTargetDependency section */
		EE024CE724AE1FAF0044460A /* PBXTargetDependency */ = {
			isa = PBXTargetDependency;
			target = EE024CCE24AE1FAA0044460A /* SwiftUILearning */;
			targetProxy = EE024CE624AE1FAF0044460A /* PBXContainerItemProxy */;
		};
/* End PBXTargetDependency section */

/* Begin PBXVariantGroup section */
		EE024CDD24AE1FAF0044460A /* LaunchScreen.storyboard */ = {
			isa = PBXVariantGroup;
			children = (
				EE024CDE24AE1FAF0044460A /* Base */,
			);
			name = LaunchScreen.storyboard;
			sourceTree = "<group>";
		};
/* End PBXVariantGroup section */

/* Begin XCBuildConfiguration section */
		EE024CEC24AE1FAF0044460A /* Debug */ = {
			isa = XCBuildConfiguration;
			buildSettings = {
				ALWAYS_SEARCH_USER_PATHS = NO;
				CLANG_ANALYZER_NONNULL = YES;
				CLANG_ANALYZER_NUMBER_OBJECT_CONVERSION = YES_AGGRESSIVE;
				CLANG_CXX_LANGUAGE_STANDARD = "gnu++14";
				CLANG_CXX_LIBRARY = "libc++";
				CLANG_ENABLE_MODULES = YES;
				CLANG_ENABLE_OBJC_ARC = YES;
				CLANG_ENABLE_OBJC_WEAK = YES;
				CLANG_WARN_BLOCK_CAPTURE_AUTORELEASING = YES;
				CLANG_WARN_BOOL_CONVERSION = YES;
				CLANG_WARN_COMMA = YES;
				CLANG_WARN_CONSTANT_CONVERSION = YES;
				CLANG_WARN_DEPRECATED_OBJC_IMPLEMENTATIONS = YES;
				CLANG_WARN_DIRECT_OBJC_ISA_USAGE = YES_ERROR;
				CLANG_WARN_DOCUMENTATION_COMMENTS = YES;
				CLANG_WARN_EMPTY_BODY = YES;
				CLANG_WARN_ENUM_CONVERSION = YES;
				CLANG_WARN_INFINITE_RECURSION = YES;
				CLANG_WARN_INT_CONVERSION = YES;
				CLANG_WARN_NON_LITERAL_NULL_CONVERSION = YES;
				CLANG_WARN_OBJC_IMPLICIT_RETAIN_SELF = YES;
				CLANG_WARN_OBJC_LITERAL_CONVERSION = YES;
				CLANG_WARN_OBJC_ROOT_CLASS = YES_ERROR;
				CLANG_WARN_RANGE_LOOP_ANALYSIS = YES;
				CLANG_WARN_STRICT_PROTOTYPES = YES;
				CLANG_WARN_SUSPICIOUS_MOVE = YES;
				CLANG_WARN_UNGUARDED_AVAILABILITY = YES_AGGRESSIVE;
				CLANG_WARN_UNREACHABLE_CODE = YES;
				CLANG_WARN__DUPLICATE_METHOD_MATCH = YES;
				COPY_PHASE_STRIP = NO;
				DEBUG_INFORMATION_FORMAT = dwarf;
				ENABLE_STRICT_OBJC_MSGSEND = YES;
				ENABLE_TESTABILITY = YES;
				GCC_C_LANGUAGE_STANDARD = gnu11;
				GCC_DYNAMIC_NO_PIC = NO;
				GCC_NO_COMMON_BLOCKS = YES;
				GCC_OPTIMIZATION_LEVEL = 0;
				GCC_PREPROCESSOR_DEFINITIONS = (
					"DEBUG=1",
					"$(inherited)",
				);
				GCC_WARN_64_TO_32_BIT_CONVERSION = YES;
				GCC_WARN_ABOUT_RETURN_TYPE = YES_ERROR;
				GCC_WARN_UNDECLARED_SELECTOR = YES;
				GCC_WARN_UNINITIALIZED_AUTOS = YES_AGGRESSIVE;
				GCC_WARN_UNUSED_FUNCTION = YES;
				GCC_WARN_UNUSED_VARIABLE = YES;
				IPHONEOS_DEPLOYMENT_TARGET = 13.5;
				MTL_ENABLE_DEBUG_INFO = INCLUDE_SOURCE;
				MTL_FAST_MATH = YES;
				ONLY_ACTIVE_ARCH = YES;
				SDKROOT = iphoneos;
				SWIFT_ACTIVE_COMPILATION_CONDITIONS = DEBUG;
				SWIFT_OPTIMIZATION_LEVEL = "-Onone";
			};
			name = Debug;
		};
		EE024CED24AE1FAF0044460A /* Release */ = {
			isa = XCBuildConfiguration;
			buildSettings = {
				ALWAYS_SEARCH_USER_PATHS = NO;
				CLANG_ANALYZER_NONNULL = YES;
				CLANG_ANALYZER_NUMBER_OBJECT_CONVERSION = YES_AGGRESSIVE;
				CLANG_CXX_LANGUAGE_STANDARD = "gnu++14";
				CLANG_CXX_LIBRARY = "libc++";
				CLANG_ENABLE_MODULES = YES;
				CLANG_ENABLE_OBJC_ARC = YES;
				CLANG_ENABLE_OBJC_WEAK = YES;
				CLANG_WARN_BLOCK_CAPTURE_AUTORELEASING = YES;
				CLANG_WARN_BOOL_CONVERSION = YES;
				CLANG_WARN_COMMA = YES;
				CLANG_WARN_CONSTANT_CONVERSION = YES;
				CLANG_WARN_DEPRECATED_OBJC_IMPLEMENTATIONS = YES;
				CLANG_WARN_DIRECT_OBJC_ISA_USAGE = YES_ERROR;
				CLANG_WARN_DOCUMENTATION_COMMENTS = YES;
				CLANG_WARN_EMPTY_BODY = YES;
				CLANG_WARN_ENUM_CONVERSION = YES;
				CLANG_WARN_INFINITE_RECURSION = YES;
				CLANG_WARN_INT_CONVERSION = YES;
				CLANG_WARN_NON_LITERAL_NULL_CONVERSION = YES;
				CLANG_WARN_OBJC_IMPLICIT_RETAIN_SELF = YES;
				CLANG_WARN_OBJC_LITERAL_CONVERSION = YES;
				CLANG_WARN_OBJC_ROOT_CLASS = YES_ERROR;
				CLANG_WARN_RANGE_LOOP_ANALYSIS = YES;
				CLANG_WARN_STRICT_PROTOTYPES = YES;
				CLANG_WARN_SUSPICIOUS_MOVE = YES;
				CLANG_WARN_UNGUARDED_AVAILABILITY = YES_AGGRESSIVE;
				CLANG_WARN_UNREACHABLE_CODE = YES;
				CLANG_WARN__DUPLICATE_METHOD_MATCH = YES;
				COPY_PHASE_STRIP = NO;
				DEBUG_INFORMATION_FORMAT = "dwarf-with-dsym";
				ENABLE_NS_ASSERTIONS = NO;
				ENABLE_STRICT_OBJC_MSGSEND = YES;
				GCC_C_LANGUAGE_STANDARD = gnu11;
				GCC_NO_COMMON_BLOCKS = YES;
				GCC_WARN_64_TO_32_BIT_CONVERSION = YES;
				GCC_WARN_ABOUT_RETURN_TYPE = YES_ERROR;
				GCC_WARN_UNDECLARED_SELECTOR = YES;
				GCC_WARN_UNINITIALIZED_AUTOS = YES_AGGRESSIVE;
				GCC_WARN_UNUSED_FUNCTION = YES;
				GCC_WARN_UNUSED_VARIABLE = YES;
				IPHONEOS_DEPLOYMENT_TARGET = 13.5;
				MTL_ENABLE_DEBUG_INFO = NO;
				MTL_FAST_MATH = YES;
				SDKROOT = iphoneos;
				SWIFT_COMPILATION_MODE = wholemodule;
				SWIFT_OPTIMIZATION_LEVEL = "-O";
				VALIDATE_PRODUCT = YES;
			};
			name = Release;
		};
		EE024CEF24AE1FAF0044460A /* Debug */ = {
			isa = XCBuildConfiguration;
			buildSettings = {
				ASSETCATALOG_COMPILER_APPICON_NAME = AppIcon;
				CODE_SIGN_STYLE = Automatic;
				DEVELOPMENT_ASSET_PATHS = "\"SwiftUILearning/Preview Content\"";
				ENABLE_PREVIEWS = YES;
				INFOPLIST_FILE = SwiftUILearning/Info.plist;
				LD_RUNPATH_SEARCH_PATHS = (
					"$(inherited)",
					"@executable_path/Frameworks",
				);
				PRODUCT_BUNDLE_IDENTIFIER = Demo.SwiftUILearning;
				PRODUCT_NAME = "$(TARGET_NAME)";
				SWIFT_VERSION = 5.0;
				TARGETED_DEVICE_FAMILY = "1,2";
			};
			name = Debug;
		};
		EE024CF024AE1FAF0044460A /* Release */ = {
			isa = XCBuildConfiguration;
			buildSettings = {
				ASSETCATALOG_COMPILER_APPICON_NAME = AppIcon;
				CODE_SIGN_STYLE = Automatic;
				DEVELOPMENT_ASSET_PATHS = "\"SwiftUILearning/Preview Content\"";
				ENABLE_PREVIEWS = YES;
				INFOPLIST_FILE = SwiftUILearning/Info.plist;
				LD_RUNPATH_SEARCH_PATHS = (
					"$(inherited)",
					"@executable_path/Frameworks",
				);
				PRODUCT_BUNDLE_IDENTIFIER = Demo.SwiftUILearning;
				PRODUCT_NAME = "$(TARGET_NAME)";
				SWIFT_VERSION = 5.0;
				TARGETED_DEVICE_FAMILY = "1,2";
			};
			name = Release;
		};
		EE024CF224AE1FAF0044460A /* Debug */ = {
			isa = XCBuildConfiguration;
			buildSettings = {
				ALWAYS_EMBED_SWIFT_STANDARD_LIBRARIES = YES;
				BUNDLE_LOADER = "$(TEST_HOST)";
				CODE_SIGN_STYLE = Automatic;
				INFOPLIST_FILE = SwiftUILearningTests/Info.plist;
				IPHONEOS_DEPLOYMENT_TARGET = 13.5;
				LD_RUNPATH_SEARCH_PATHS = (
					"$(inherited)",
					"@executable_path/Frameworks",
					"@loader_path/Frameworks",
				);
				PRODUCT_BUNDLE_IDENTIFIER = Demo.SwiftUILearningTests;
				PRODUCT_NAME = "$(TARGET_NAME)";
				SWIFT_VERSION = 5.0;
				TARGETED_DEVICE_FAMILY = "1,2";
				TEST_HOST = "$(BUILT_PRODUCTS_DIR)/SwiftUILearning.app/SwiftUILearning";
			};
			name = Debug;
		};
		EE024CF324AE1FAF0044460A /* Release */ = {
			isa = XCBuildConfiguration;
			buildSettings = {
				ALWAYS_EMBED_SWIFT_STANDARD_LIBRARIES = YES;
				BUNDLE_LOADER = "$(TEST_HOST)";
				CODE_SIGN_STYLE = Automatic;
				INFOPLIST_FILE = SwiftUILearningTests/Info.plist;
				IPHONEOS_DEPLOYMENT_TARGET = 13.5;
				LD_RUNPATH_SEARCH_PATHS = (
					"$(inherited)",
					"@executable_path/Frameworks",
					"@loader_path/Frameworks",
				);
				PRODUCT_BUNDLE_IDENTIFIER = Demo.SwiftUILearningTests;
				PRODUCT_NAME = "$(TARGET_NAME)";
				SWIFT_VERSION = 5.0;
				TARGETED_DEVICE_FAMILY = "1,2";
				TEST_HOST = "$(BUILT_PRODUCTS_DIR)/SwiftUILearning.app/SwiftUILearning";
			};
			name = Release;
		};
/* End XCBuildConfiguration section */

/* Begin XCConfigurationList section */
		EE024CCA24AE1FAA0044460A /* Build configuration list for PBXProject "SwiftUILearning" */ = {
			isa = XCConfigurationList;
			buildConfigurations = (
				EE024CEC24AE1FAF0044460A /* Debug */,
				EE024CED24AE1FAF0044460A /* Release */,
			);
			defaultConfigurationIsVisible = 0;
			defaultConfigurationName = Release;
		};
		EE024CEE24AE1FAF0044460A /* Build configuration list for PBXNativeTarget "SwiftUILearning" */ = {
			isa = XCConfigurationList;
			buildConfigurations = (
				EE024CEF24AE1FAF0044460A /* Debug */,
				EE024CF024AE1FAF0044460A /* Release */,
			);
			defaultConfigurationIsVisible = 0;
			defaultConfigurationName = Release;
		};
		EE024CF124AE1FAF0044460A /* Build configuration list for PBXNativeTarget "SwiftUILearningTests" */ = {
			isa = XCConfigurationList;
			buildConfigurations = (
				EE024CF224AE1FAF0044460A /* Debug */,
				EE024CF324AE1FAF0044460A /* Release */,
			);
			defaultConfigurationIsVisible = 0;
			defaultConfigurationName = Release;
		};
/* End XCConfigurationList section */
	};
	rootObject = EE024CC724AE1FAA0044460A /* Project object */;
}
